{
  "name": "myproject",
  "version": "0.0.1",
  "lockfileVersion": 2,
  "requires": true,
  "packages": {
    "": {
      "name": "myproject",
      "version": "0.0.1",
      "license": "GPL-3.0-or-later",
      "dependencies": {
        "@ark-us/wasmx-as-schema": "^0.0.1",
        "json-as": "github:loredanacirstea/as-json"
      },
      "devDependencies": {
        "assemblyscript": "^0.27.5",
        "visitor-as": "^0.11.4"
      }
    },
    "node_modules/@ark-us/wasmx-as-schema": {
      "version": "0.0.1",
      "resolved": "https://registry.npmjs.org/@ark-us/wasmx-as-schema/-/wasmx-as-schema-0.0.1.tgz",
      "integrity": "sha512-gqEvezgajNi+lWhFrcjf/8rT3W8/6rjjZHiXl/drb7VxUIYIT9zLl+ukIm95L421+f821d1iufbaP34nw3k0HQ=="
    },
    "node_modules/as-bignum": {
      "version": "0.2.31",
      "resolved": "https://registry.npmjs.org/as-bignum/-/as-bignum-0.2.31.tgz",
      "integrity": "sha512-4DRQ9pHu8BCfse4xvZucg5t7mkDtiM93dBzZkXpcpAJ2fmf+p/wbYxN24nCvRVACRPavPYreea5k3ugWD1C3Fg=="
    },
    "node_modules/as-string-sink": {
      "version": "0.5.3",
      "resolved": "https://registry.npmjs.org/as-string-sink/-/as-string-sink-0.5.3.tgz",
      "integrity": "sha512-DN/QqfptDhi4FaBqehMN9wH5Dl/PcTSfCfzSmcdtf3OVYYIEip5iyVUcS6t40BAP/OoUwtxCCbD/dlr2kVG+3Q=="
    },
    "node_modules/as-variant": {
      "version": "0.4.1",
      "resolved": "https://registry.npmjs.org/as-variant/-/as-variant-0.4.1.tgz",
      "integrity": "sha512-NCeerOfp1JRXRcT4WCqOBANPoDTE2zqS4eN+jPtdyNWJybUgG/rX9ugUxICkSQZzCfnG84zzxr3osQbjAkyiww=="
    },
    "node_modules/assemblyscript": {
      "version": "0.27.5",
      "resolved": "https://registry.npmjs.org/assemblyscript/-/assemblyscript-0.27.5.tgz",
      "integrity": "sha512-8CPn+SPMrvvDEa6CQylYOd+Vu5ubyrVhWw1Iy9EXyTan7+8jB5R5trspf3jsMUrh3urVRA0YR9c3U84biny1QA==",
      "dev": true,
      "dependencies": {
        "binaryen": "112.0.0-nightly.20230411",
        "long": "^5.2.1"
      },
      "bin": {
        "asc": "bin/asc.js",
        "asinit": "bin/asinit.js"
      },
      "engines": {
        "node": ">=16",
        "npm": ">=7"
      },
      "funding": {
        "type": "opencollective",
        "url": "https://opencollective.com/assemblyscript"
      }
    },
    "node_modules/binaryen": {
      "version": "112.0.0-nightly.20230411",
      "resolved": "https://registry.npmjs.org/binaryen/-/binaryen-112.0.0-nightly.20230411.tgz",
      "integrity": "sha512-4V9r9x9fjAVFZdR2yvBFc3BEJJIBYvd2X8X8k0zAuJsao2gl9wNHDmpQ30QsLo6hgkRfRImkCbCjhXW3RDOYXQ==",
      "dev": true,
      "bin": {
        "wasm-opt": "bin/wasm-opt",
        "wasm2js": "bin/wasm2js"
      }
    },
    "node_modules/json-as": {
      "version": "0.5.36",
      "resolved": "git+ssh://git@github.com/loredanacirstea/as-json.git#75d473b7c79b3dc725cd6d0ef673caec30a990a4",
      "license": "MIT",
      "dependencies": {
        "as-bignum": "^0.2.23",
        "as-string-sink": "^0.5.3",
        "as-variant": "^0.4.1"
      }
    },
    "node_modules/lodash.clonedeep": {
      "version": "4.5.0",
      "resolved": "https://registry.npmjs.org/lodash.clonedeep/-/lodash.clonedeep-4.5.0.tgz",
      "integrity": "sha512-H5ZhCF25riFd9uB5UCkVKo61m3S/xZk1x4wA6yp/L3RFP6Z/eHH1ymQcGLo7J3GMPfm0V/7m1tryHuGVxpqEBQ==",
      "dev": true
    },
    "node_modules/long": {
      "version": "5.2.3",
      "resolved": "https://registry.npmjs.org/long/-/long-5.2.3.tgz",
      "integrity": "sha512-lcHwpNoggQTObv5apGNCTdJrO69eHOZMi4BNC+rTLER8iHAqGrUVeLh/irVIM7zTw2bOXA8T6uNPeujwOLg/2Q==",
      "dev": true
    },
    "node_modules/ts-mixer": {
      "version": "6.0.3",
      "resolved": "https://registry.npmjs.org/ts-mixer/-/ts-mixer-6.0.3.tgz",
      "integrity": "sha512-k43M7uCG1AkTyxgnmI5MPwKoUvS/bRvLvUb7+Pgpdlmok8AoqmUaZxUUw8zKM5B1lqZrt41GjYgnvAi0fppqgQ==",
      "dev": true
    },
    "node_modules/visitor-as": {
      "version": "0.11.4",
      "resolved": "https://registry.npmjs.org/visitor-as/-/visitor-as-0.11.4.tgz",
      "integrity": "sha512-uih7AooY2V3LhzobjLqyEQzhYYBGeq0y/rZk295foM1Ko498f24NNXBDyM1SgzcLMFCAT/fpmSRco1BpTIdKNQ==",
      "dev": true,
      "dependencies": {
        "lodash.clonedeep": "^4.5.0",
        "ts-mixer": "^6.0.2"
      },
      "peerDependencies": {
        "assemblyscript": "^0.25.0"
      }
    },
    "tests/wasmx": {
      "version": "0.0.1",
      "extraneous": true,
      "license": "GPL-3.0-or-later"
    }
  },
  "dependencies": {
    "@ark-us/wasmx-as-schema": {
      "version": "0.0.1",
      "resolved": "https://registry.npmjs.org/@ark-us/wasmx-as-schema/-/wasmx-as-schema-0.0.1.tgz",
      "integrity": "sha512-gqEvezgajNi+lWhFrcjf/8rT3W8/6rjjZHiXl/drb7VxUIYIT9zLl+ukIm95L421+f821d1iufbaP34nw3k0HQ=="
    },
    "as-bignum": {
      "version": "0.2.31",
      "resolved": "https://registry.npmjs.org/as-bignum/-/as-bignum-0.2.31.tgz",
      "integrity": "sha512-4DRQ9pHu8BCfse4xvZucg5t7mkDtiM93dBzZkXpcpAJ2fmf+p/wbYxN24nCvRVACRPavPYreea5k3ugWD1C3Fg=="
    },
    "as-string-sink": {
      "version": "0.5.3",
      "resolved": "https://registry.npmjs.org/as-string-sink/-/as-string-sink-0.5.3.tgz",
      "integrity": "sha512-DN/QqfptDhi4FaBqehMN9wH5Dl/PcTSfCfzSmcdtf3OVYYIEip5iyVUcS6t40BAP/OoUwtxCCbD/dlr2kVG+3Q=="
    },
    "as-variant": {
      "version": "0.4.1",
      "resolved": "https://registry.npmjs.org/as-variant/-/as-variant-0.4.1.tgz",
      "integrity": "sha512-NCeerOfp1JRXRcT4WCqOBANPoDTE2zqS4eN+jPtdyNWJybUgG/rX9ugUxICkSQZzCfnG84zzxr3osQbjAkyiww=="
    },
    "assemblyscript": {
      "version": "0.27.5",
      "resolved": "https://registry.npmjs.org/assemblyscript/-/assemblyscript-0.27.5.tgz",
      "integrity": "sha512-8CPn+SPMrvvDEa6CQylYOd+Vu5ubyrVhWw1Iy9EXyTan7+8jB5R5trspf3jsMUrh3urVRA0YR9c3U84biny1QA==",
      "dev": true,
      "requires": {
        "binaryen": "112.0.0-nightly.20230411",
        "long": "^5.2.1"
      }
    },
    "binaryen": {
      "version": "112.0.0-nightly.20230411",
      "resolved": "https://registry.npmjs.org/binaryen/-/binaryen-112.0.0-nightly.20230411.tgz",
      "integrity": "sha512-4V9r9x9fjAVFZdR2yvBFc3BEJJIBYvd2X8X8k0zAuJsao2gl9wNHDmpQ30QsLo6hgkRfRImkCbCjhXW3RDOYXQ==",
      "dev": true
    },
    "json-as": {
      "version": "git+ssh://git@github.com/loredanacirstea/as-json.git#75d473b7c79b3dc725cd6d0ef673caec30a990a4",
      "from": "json-as@github:loredanacirstea/as-json",
      "requires": {
        "as-bignum": "^0.2.23",
        "as-string-sink": "^0.5.3",
        "as-variant": "^0.4.1"
      }
    },
    "lodash.clonedeep": {
      "version": "4.5.0",
      "resolved": "https://registry.npmjs.org/lodash.clonedeep/-/lodash.clonedeep-4.5.0.tgz",
      "integrity": "sha512-H5ZhCF25riFd9uB5UCkVKo61m3S/xZk1x4wA6yp/L3RFP6Z/eHH1ymQcGLo7J3GMPfm0V/7m1tryHuGVxpqEBQ==",
      "dev": true
    },
    "long": {
      "version": "5.2.3",
      "resolved": "https://registry.npmjs.org/long/-/long-5.2.3.tgz",
      "integrity": "sha512-lcHwpNoggQTObv5apGNCTdJrO69eHOZMi4BNC+rTLER8iHAqGrUVeLh/irVIM7zTw2bOXA8T6uNPeujwOLg/2Q==",
      "dev": true
    },
    "ts-mixer": {
      "version": "6.0.3",
      "resolved": "https://registry.npmjs.org/ts-mixer/-/ts-mixer-6.0.3.tgz",
      "integrity": "sha512-k43M7uCG1AkTyxgnmI5MPwKoUvS/bRvLvUb7+Pgpdlmok8AoqmUaZxUUw8zKM5B1lqZrt41GjYgnvAi0fppqgQ==",
      "dev": true
    },
    "visitor-as": {
      "version": "0.11.4",
      "resolved": "https://registry.npmjs.org/visitor-as/-/visitor-as-0.11.4.tgz",
      "integrity": "sha512-uih7AooY2V3LhzobjLqyEQzhYYBGeq0y/rZk295foM1Ko498f24NNXBDyM1SgzcLMFCAT/fpmSRco1BpTIdKNQ==",
      "dev": true,
      "requires": {
        "lodash.clonedeep": "^4.5.0",
        "ts-mixer": "^6.0.2"
      }
    }
  }
}
